
Microsoft Visual Studio Solution File, Format Version 12.00
# Visual Studio 14
VisualStudioVersion = 14.0.24720.0
MinimumVisualStudioVersion = 10.0.40219.1
Project("{FAE04EC0-301F-11D3-BF4B-00C04F79EFBC}") = "FinalProjectChatClient", "FinalProjectChatClient\FinalProjectChatClient.csproj", "{6E09743A-D4ED-4318-A04E-0110EA846D78}"
EndProject
Project("{FAE04EC0-301F-11D3-BF4B-00C04F79EFBC}") = "ChatClientTest", "UnitTestProject1\ChatClientTest.csproj", "{75A2F96B-7F31-48AB-8074-B5BABF69EC50}"
EndProject
Global
	GlobalSection(SolutionConfigurationPlatforms) = preSolution
		Debug|Any CPU = Debug|Any CPU
		Release|Any CPU = Release|Any CPU
	EndGlobalSection
	GlobalSection(ProjectConfigurationPlatforms) = postSolution
		{6E09743A-D4ED-4318-A04E-0110EA846D78}.Debug|Any CPU.ActiveCfg = Debug|Any CPU
		{6E09743A-D4ED-4318-A04E-0110EA846D78}.Debug|Any CPU.Build.0 = Debug|Any CPU
		{6E09743A-D4ED-4318-A04E-0110EA846D78}.Release|Any CPU.ActiveCfg = Release|Any CPU
		{6E09743A-D4ED-4318-A04E-0110EA846D78}.Release|Any CPU.Build.0 = Release|Any CPU
		{75A2F96B-7F31-48AB-8074-B5BABF69EC50}.Debug|Any CPU.ActiveCfg = Debug|Any CPU
		{75A2F96B-7F31-48AB-8074-B5BABF69EC50}.Debug|Any CPU.Build.0 = Debug|Any CPU
		{75A2F96B-7F31-48AB-8074-B5BABF69EC50}.Release|Any CPU.ActiveCfg = Release|Any CPU
		{75A2F96B-7F31-48AB-8074-B5BABF69EC50}.Release|Any CPU.Build.0 = Release|Any CPU
	EndGlobalSection
	GlobalSection(SolutionProperties) = preSolution
		HideSolutionNode = FALSE
	EndGlobalSection
EndGlobal
